// !$*UTF8*$!
{
	archiveVersion = 1;
	classes = {
	};
	objectVersion = 77;
	objects = {

/* Begin PBXBuildFile section */
		2B0000032FAD400000AF0397 /* Alamofire in Frameworks */ = {isa = PBXBuildFile; productRef = 2B0000022FAD400000AF0397 /* Alamofire */; };
		2B0000042FAD400000AF0397 /* RealmSwift in Frameworks */ = {isa = PBXBuildFile; productRef = 2B0000062FAD400000AF0397 /* RealmSwift */; };
/* End PBXBuildFile section */

/* Begin PBXContainerItemProxy section */
		2AF251DB2FAD366000AF0397 /* PBXContainerItemProxy */ = {
			isa = PBXContainerItemProxy;
			containerPortal = 2AF251C52FAD365E00AF0397 /* Project object */;
			proxyType = 1;
			remoteGlobalIDString = 2AF251CC2FAD365E00AF0397;
			remoteInfo = UserManagerSwiftUI;
		};
		2AF251E52FAD366000AF0397 /* PBXContainerItemProxy */ = {
			isa = PBXContainerItemProxy;
			containerPortal = 2AF251C52FAD365E00AF0397 /* Project object */;
			proxyType = 1;
			remoteGlobalIDString = 2AF251CC2FAD365E00AF0397;
			remoteInfo = UserManagerSwiftUI;
		};
/* End PBXContainerItemProxy section */

/* Begin PBXFileReference section */
		2AF251CD2FAD365E00AF0397 /* UserManagerSwiftUI.app */ = {isa = PBXFileReference; explicitFileType = wrapper.application; includeInIndex = 0; path = UserManagerSwiftUI.app; sourceTree = BUILT_PRODUCTS_DIR; };
		2AF251DA2FAD366000AF0397 /* UserManagerSwiftUITests.xctest */ = {isa = PBXFileReference; explicitFileType = wrapper.cfbundle; includeInIndex = 0; path = UserManagerSwiftUITests.xctest; sourceTree = BUILT_PRODUCTS_DIR; };
		2AF251E42FAD366000AF0397 /* UserManagerSwiftUIUITests.xctest */ = {isa = PBXFileReference; explicitFileType = wrapper.cfbundle; includeInIndex = 0; path = UserManagerSwiftUIUITests.xctest; sourceTree = BUILT_PRODUCTS_DIR; };
/* End PBXFileReference section */

/* Begin PBXFileSystemSynchronizedRootGroup section */
		2AF251CF2FAD365E00AF0397 /* UserManagerSwiftUI */ = {
			isa = PBXFileSystemSynchronizedRootGroup;
			path = UserManagerSwiftUI;
			sourceTree = "<group>";
		};
		2AF251DD2FAD366000AF0397 /* UserManagerSwiftUITests */ = {
			isa = PBXFileSystemSynchronizedRootGroup;
			path = UserManagerSwiftUITests;
			sourceTree = "<group>";
		};
		2AF251E72FAD366000AF0397 /* UserManagerSwiftUIUITests */ = {
			isa = PBXFileSystemSynchronizedRootGroup;
			path = UserManagerSwiftUIUITests;
			sourceTree = "<group>";
		};
/* End PBXFileSystemSynchronizedRootGroup section */

/* Begin PBXFrameworksBuildPhase section */
		2AF251CA2FAD365E00AF0397 /* Frameworks */ = {
			isa = PBXFrameworksBuildPhase;
			buildActionMask = 2147483647;
			files = (
				2B0000032FAD400000AF0397 /* Alamofire in Frameworks */,
				2B0000042FAD400000AF0397 /* RealmSwift in Frameworks */,
			);
			runOnlyForDeploymentPostprocessing = 0;
		};
		2AF251D72FAD366000AF0397 /* Frameworks */ = {
			isa = PBXFrameworksBuildPhase;
			buildActionMask = 2147483647;
			files = (
			);
			runOnlyForDeploymentPostprocessing = 0;
		};
		2AF251E12FAD366000AF0397 /* Frameworks */ = {
			isa = PBXFrameworksBuildPhase;
			buildActionMask = 2147483647;
			files = (
			);
			runOnlyForDeploymentPostprocessing = 0;
		};
/* End PBXFrameworksBuildPhase section */

/* Begin PBXGroup section */
		2AF251C42FAD365E00AF0397 = {
			isa = PBXGroup;
			children = (
				2AF251CF2FAD365E00AF0397 /* UserManagerSwiftUI */,
				2AF251DD2FAD366000AF0397 /* UserManagerSwiftUITests */,
				2AF251E72FAD366000AF0397 /* UserManagerSwiftUIUITests */,
				2AF251CE2FAD365E00AF0397 /* Products */,
			);
			sourceTree = "<group>";
		};
		2AF251CE2FAD365E00AF0397 /* Products */ = {
			isa = PBXGroup;
			children = (
				2AF251CD2FAD365E00AF0397 /* UserManagerSwiftUI.app */,
				2AF251DA2FAD366000AF0397 /* UserManagerSwiftUITests.xctest */,
				2AF251E42FAD366000AF0397 /* UserManagerSwiftUIUITests.xctest */,
			);
			name = Products;
			sourceTree = "<group>";
		};
/* End PBXGroup section */

/* Begin PBXNativeTarget section */
		2AF251CC2FAD365E00AF0397 /* UserManagerSwiftUI */ = {
			isa = PBXNativeTarget;
			buildConfigurationList = 2AF251EE2FAD366000AF0397 /* Build configuration list for PBXNativeTarget "UserManagerSwiftUI" */;
			buildPhases = (
				2AF251C92FAD365E00AF0397 /* Sources */,
				2AF251CA2FAD365E00AF0397 /* Frameworks */,
				2AF251CB2FAD365E00AF0397 /* Resources */,
			);
			buildRules = (
			);
			dependencies = (
			);
			fileSystemSynchronizedGroups = (
				2AF251CF2FAD365E00AF0397 /* UserManagerSwiftUI */,
			);
			name = UserManagerSwiftUI;
			packageProductDependencies = (
				2B0000022FAD400000AF0397 /* Alamofire */,
				2B0000062FAD400000AF0397 /* RealmSwift */,
			);
			productReference = 2AF251CD2FAD365E00AF0397 /* UserManagerSwiftUI.app */;
			productType = "com.apple.product-type.application";
		};
		2AF251D92FAD366000AF0397 /* UserManagerSwiftUITests */ = {
			isa = PBXNativeTarget;
			buildConfigurationList = 2AF251F12FAD366000AF0397 /* Build configuration list for PBXNativeTarget "UserManagerSwiftUITests" */;
			buildPhases = (
				2AF251D62FAD366000AF0397 /* Sources */,
				2AF251D72FAD366000AF0397 /* Frameworks */,
				2AF251D82FAD366000AF0397 /* Resources */,
			);
			buildRules = (
			);
			dependencies = (
				2AF251DC2FAD366000AF0397 /* PBXTargetDependency */,
			);
			fileSystemSynchronizedGroups = (
				2AF251DD2FAD366000AF0397 /* UserManagerSwiftUITests */,
			);
			name = UserManagerSwiftUITests;
			packageProductDependencies = (
			);
			productName = UserManagerSwiftUITests;
			productReference = 2AF251DA2FAD366000AF0397 /* UserManagerSwiftUITests.xctest */;
			productType = "com.apple.product-type.bundle.unit-test";
		};
		2AF251E32FAD366000AF0397 /* UserManagerSwiftUIUITests */ = {
			isa = PBXNativeTarget;
			buildConfigurationList = 2AF251F42FAD366000AF0397 /* Build configuration list for PBXNativeTarget "UserManagerSwiftUIUITests" */;
			buildPhases = (
				2AF251E02FAD366000AF0397 /* Sources */,
				2AF251E12FAD366000AF0397 /* Frameworks */,
				2AF251E22FAD366000AF0397 /* Resources */,
			);
			buildRules = (
			);
			dependencies = (
				2AF251E62FAD366000AF0397 /* PBXTargetDependency */,
			);
			fileSystemSynchronizedGroups = (
				2AF251E72FAD366000AF0397 /* UserManagerSwiftUIUITests */,
			);
			name = UserManagerSwiftUIUITests;
			packageProductDependencies = (
			);
			productName = UserManagerSwiftUIUITests;
			productReference = 2AF251E42FAD366000AF0397 /* UserManagerSwiftUIUITests.xctest */;
			productType = "com.apple.product-type.bundle.ui-testing";
		};
/* End PBXNativeTarget section */

/* Begin PBXProject section */
		2AF251C52FAD365E00AF0397 /* Project object */ = {
			isa = PBXProject;
			attributes = {
				BuildIndependentTargetsInParallel = 1;
				LastSwiftUpdateCheck = 2640;
				LastUpgradeCheck = 2640;
				TargetAttributes = {
					2AF251CC2FAD365E00AF0397 = {
						CreatedOnToolsVersion = 26.4.1;
					};
					2AF251D92FAD366000AF0397 = {
						CreatedOnToolsVersion = 26.4.1;
						TestTargetID = 2AF251CC2FAD365E00AF0397;
					};
					2AF251E32FAD366000AF0397 = {
						CreatedOnToolsVersion = 26.4.1;
						TestTargetID = 2AF251CC2FAD365E00AF0397;
					};
				};
			};
			buildConfigurationList = 2AF251C82FAD365E00AF0397 /* Build configuration list for PBXProject "UserManagerSwiftUI" */;
			developmentRegion = en;
			hasScannedForEncodings = 0;
			knownRegions = (
				en,
				Base,
			);
			mainGroup = 2AF251C42FAD365E00AF0397;
			minimizedProjectReferenceProxies = 1;
			packageReferences = (
				2B0000012FAD400000AF0397 /* XCRemoteSwiftPackageReference "Alamofire" */,
				2B0000052FAD400000AF0397 /* XCRemoteSwiftPackageReference "realm-swift" */,
			);
			preferredProjectObjectVersion = 77;
			productRefGroup = 2AF251CE2FAD365E00AF0397 /* Products */;
			projectDirPath = "";
			projectRoot = "";
			targets = (
				2AF251CC2FAD365E00AF0397 /* UserManagerSwiftUI */,
				2AF251D92FAD366000AF0397 /* UserManagerSwiftUITests */,
				2AF251E32FAD366000AF0397 /* UserManagerSwiftUIUITests */,
			);
		};
/* End PBXProject section */

/* Begin PBXResourcesBuildPhase section */
		2AF251CB2FAD365E00AF0397 /* Resources */ = {
			isa = PBXResourcesBuildPhase;
			buildActionMask = 2147483647;
			files = (
			);
			runOnlyForDeploymentPostprocessing = 0;
		};
		2AF251D82FAD366000AF0397 /* Resources */ = {
			isa = PBXResourcesBuildPhase;
			buildActionMask = 2147483647;
			files = (
			);
			runOnlyForDeploymentPostprocessing = 0;
		};
		2AF251E22FAD366000AF0397 /* Resources */ = {
			isa = PBXResourcesBuildPhase;
			buildActionMask = 2147483647;
			files = (
			);
			runOnlyForDeploymentPostprocessing = 0;
		};
/* End PBXResourcesBuildPhase section */

/* Begin PBXSourcesBuildPhase section */
		2AF251C92FAD365E00AF0397 /* Sources */ = {
			isa = PBXSourcesBuildPhase;
			buildActionMask = 2147483647;
			files = (
			);
			runOnlyForDeploymentPostprocessing = 0;
		};
		2AF251D62FAD366000AF0397 /* Sources */ = {
			isa = PBXSourcesBuildPhase;
			buildActionMask = 2147483647;
			files = (
			);
			runOnlyForDeploymentPostprocessing = 0;
		};
		2AF251E02FAD366000AF0397 /* Sources */ = {
			isa = PBXSourcesBuildPhase;
			buildActionMask = 2147483647;
			files = (
			);
			runOnlyForDeploymentPostprocessing = 0;
		};
/* End PBXSourcesBuildPhase section */

/* Begin PBXTargetDependency section */
		2AF251DC2FAD366000AF0397 /* PBXTargetDependency */ = {
			isa = PBXTargetDependency;
			target = 2AF251CC2FAD365E00AF0397 /* UserManagerSwiftUI */;
			targetProxy = 2AF251DB2FAD366000AF0397 /* PBXContainerItemProxy */;
		};
		2AF251E62FAD366000AF0397 /* PBXTargetDependency */ = {
			isa = PBXTargetDependency;
			target = 2AF251CC2FAD365E00AF0397 /* UserManagerSwiftUI */;
			targetProxy = 2AF251E52FAD366000AF0397 /* PBXContainerItemProxy */;
		};
/* End PBXTargetDependency section */

/* Begin XCBuildConfiguration section */
		2AF251EC2FAD366000AF0397 /* Debug */ = {
			isa = XCBuildConfiguration;
			buildSettings = {
				ALWAYS_SEARCH_USER_PATHS = NO;
				ASSETCATALOG_COMPILER_GENERATE_SWIFT_ASSET_SYMBOL_EXTENSIONS = YES;
				CLANG_ANALYZER_NONNULL = YES;
				CLANG_ANALYZER_NUMBER_OBJECT_CONVERSION = YES_AGGRESSIVE;
				CLANG_CXX_LANGUAGE_STANDARD = "gnu++20";
				CLANG_ENABLE_MODULES = YES;
				CLANG_ENABLE_OBJC_ARC = YES;
				CLANG_ENABLE_OBJC_WEAK = YES;
				CLANG_WARN_BLOCK_CAPTURE_AUTORELEASING = YES;
				CLANG_WARN_BOOL_CONVERSION = YES;
				CLANG_WARN_COMMA = YES;
				CLANG_WARN_CONSTANT_CONVERSION = YES;
				CLANG_WARN_DEPRECATED_OBJC_IMPLEMENTATIONS = YES;
				CLANG_WARN_DIRECT_OBJC_ISA_USAGE = YES_ERROR;
				CLANG_WARN_DOCUMENTATION_COMMENTS = YES;
				CLANG_WARN_EMPTY_BODY = YES;
				CLANG_WARN_ENUM_CONVERSION = YES;
				CLANG_WARN_INFINITE_RECURSION = YES;
				CLANG_WARN_INT_CONVERSION = YES;
				CLANG_WARN_NON_LITERAL_NULL_CONVERSION = YES;
				CLANG_WARN_OBJC_IMPLICIT_RETAIN_SELF = YES;
				CLANG_WARN_OBJC_LITERAL_CONVERSION = YES;
				CLANG_WARN_OBJC_ROOT_CLASS = YES_ERROR;
				CLANG_WARN_QUOTED_INCLUDE_IN_FRAMEWORK_HEADER = YES;
				CLANG_WARN_RANGE_LOOP_ANALYSIS = YES;
				CLANG_WARN_STRICT_PROTOTYPES = YES;
				CLANG_WARN_SUSPICIOUS_MOVE = YES;
				CLANG_WARN_UNGUARDED_AVAILABILITY = YES_AGGRESSIVE;
				CLANG_WARN_UNREACHABLE_CODE = YES;
				CLANG_WARN__DUPLICATE_METHOD_MATCH = YES;
				COPY_PHASE_STRIP = NO;
				DEBUG_INFORMATION_FORMAT = dwarf;
				DEVELOPMENT_TEAM = 5S22W76BBZ;
				ENABLE_STRICT_OBJC_MSGSEND = YES;
				ENABLE_TESTABILITY = YES;
				ENABLE_USER_SCRIPT_SANDBOXING = YES;
				GCC_C_LANGUAGE_STANDARD = gnu17;
				GCC_DYNAMIC_NO_PIC = NO;
				GCC_NO_COMMON_BLOCKS = YES;
				GCC_OPTIMIZATION_LEVEL = 0;
				GCC_PREPROCESSOR_DEFINITIONS = (
					"DEBUG=1",
					"$(inherited)",
				);
				GCC_WARN_64_TO_32_BIT_CONVERSION = YES;
				GCC_WARN_ABOUT_RETURN_TYPE = YES_ERROR;
				GCC_WARN_UNDECLARED_SELECTOR = YES;
				GCC_WARN_UNINITIALIZED_AUTOS = YES_AGGRESSIVE;
				GCC_WARN_UNUSED_FUNCTION = YES;
				GCC_WARN_UNUSED_VARIABLE = YES;
				IPHONEOS_DEPLOYMENT_TARGET = 26.4;
				LOCALIZATION_PREFERS_STRING_CATALOGS = YES;
				MTL_ENABLE_DEBUG_INFO = INCLUDE_SOURCE;
				MTL_FAST_MATH = YES;
				ONLY_ACTIVE_ARCH = YES;
				SDKROOT = iphoneos;
				SWIFT_ACTIVE_COMPILATION_CONDITIONS = "DEBUG $(inherited)";
				SWIFT_OPTIMIZATION_LEVEL = "-Onone";
			};
			name = Debug;
		};
		2AF251ED2FAD366000AF0397 /* Release */ = {
			isa = XCBuildConfiguration;
			buildSettings = {
				ALWAYS_SEARCH_USER_PATHS = NO;
				ASSETCATALOG_COMPILER_GENERATE_SWIFT_ASSET_SYMBOL_EXTENSIONS = YES;
				CLANG_ANALYZER_NONNULL = YES;
				CLANG_ANALYZER_NUMBER_OBJECT_CONVERSION = YES_AGGRESSIVE;
				CLANG_CXX_LANGUAGE_STANDARD = "gnu++20";
				CLANG_ENABLE_MODULES = YES;
				CLANG_ENABLE_OBJC_ARC = YES;
				CLANG_ENABLE_OBJC_WEAK = YES;
				CLANG_WARN_BLOCK_CAPTURE_AUTORELEASING = YES;
				CLANG_WARN_BOOL_CONVERSION = YES;
				CLANG_WARN_COMMA = YES;
				CLANG_WARN_CONSTANT_CONVERSION = YES;
				CLANG_WARN_DEPRECATED_OBJC_IMPLEMENTATIONS = YES;
				CLANG_WARN_DIRECT_OBJC_ISA_USAGE = YES_ERROR;
				CLANG_WARN_DOCUMENTATION_COMMENTS = YES;
				CLANG_WARN_EMPTY_BODY = YES;
				CLANG_WARN_ENUM_CONVERSION = YES;
				CLANG_WARN_INFINITE_RECURSION = YES;
				CLANG_WARN_INT_CONVERSION = YES;
				CLANG_WARN_NON_LITERAL_NULL_CONVERSION = YES;
				CLANG_WARN_OBJC_IMPLICIT_RETAIN_SELF = YES;
				CLANG_WARN_OBJC_LITERAL_CONVERSION = YES;
				CLANG_WARN_OBJC_ROOT_CLASS = YES_ERROR;
				CLANG_WARN_QUOTED_INCLUDE_IN_FRAMEWORK_HEADER = YES;
				CLANG_WARN_RANGE_LOOP_ANALYSIS = YES;
				CLANG_WARN_STRICT_PROTOTYPES = YES;
				CLANG_WARN_SUSPICIOUS_MOVE = YES;
				CLANG_WARN_UNGUARDED_AVAILABILITY = YES_AGGRESSIVE;
				CLANG_WARN_UNREACHABLE_CODE = YES;
				CLANG_WARN__DUPLICATE_METHOD_MATCH = YES;
				COPY_PHASE_STRIP = NO;
				DEBUG_INFORMATION_FORMAT = "dwarf-with-dsym";
				DEVELOPMENT_TEAM = 5S22W76BBZ;
				ENABLE_NS_ASSERTIONS = NO;
				ENABLE_STRICT_OBJC_MSGSEND = YES;
				ENABLE_USER_SCRIPT_SANDBOXING = YES;
				GCC_C_LANGUAGE_STANDARD = gnu17;
				GCC_NO_COMMON_BLOCKS = YES;
				GCC_WARN_64_TO_32_BIT_CONVERSION = YES;
				GCC_WARN_ABOUT_RETURN_TYPE = YES_ERROR;
				GCC_WARN_UNDECLARED_SELECTOR = YES;
				GCC_WARN_UNINITIALIZED_AUTOS = YES_AGGRESSIVE;
				GCC_WARN_UNUSED_FUNCTION = YES;
				GCC_WARN_UNUSED_VARIABLE = YES;
				IPHONEOS_DEPLOYMENT_TARGET = 26.4;
				LOCALIZATION_PREFERS_STRING_CATALOGS = YES;
				MTL_ENABLE_DEBUG_INFO = NO;
				MTL_FAST_MATH = YES;
				SDKROOT = iphoneos;
				SWIFT_COMPILATION_MODE = wholemodule;
				VALIDATE_PRODUCT = YES;
			};
			name = Release;
		};
		2AF251EF2FAD366000AF0397 /* Debug */ = {
			isa = XCBuildConfiguration;
			buildSettings = {
				ASSETCATALOG_COMPILER_APPICON_NAME = AppIcon;
				ASSETCATALOG_COMPILER_GLOBAL_ACCENT_COLOR_NAME = AccentColor;
				CODE_SIGN_STYLE = Automatic;
				CURRENT_PROJECT_VERSION = 1;
				DEVELOPMENT_TEAM = 5S22W76BBZ;
				ENABLE_PREVIEWS = YES;
				GENERATE_INFOPLIST_FILE = YES;
				INFOPLIST_KEY_UIApplicationSceneManifest_Generation = YES;
				INFOPLIST_KEY_UIApplicationSupportsIndirectInputEvents = YES;
				INFOPLIST_KEY_UILaunchScreen_Generation = YES;
				INFOPLIST_KEY_UISupportedInterfaceOrientations_iPad = "UIInterfaceOrientationPortrait UIInterfaceOrientationPortraitUpsideDown UIInterfaceOrientationLandscapeLeft UIInterfaceOrientationLandscapeRight";
				INFOPLIST_KEY_UISupportedInterfaceOrientations_iPhone = "UIInterfaceOrientationPortrait UIInterfaceOrientationLandscapeLeft UIInterfaceOrientationLandscapeRight";
				LD_RUNPATH_SEARCH_PATHS = (
					"$(inherited)",
					"@executable_path/Frameworks",
				);
				MARKETING_VERSION = 1.0;
				PRODUCT_BUNDLE_IDENTIFIER = com.kevinhomorales.UserManagerSwiftUI;
				PRODUCT_NAME = "$(TARGET_NAME)";
				STRING_CATALOG_GENERATE_SYMBOLS = YES;
				SWIFT_APPROACHABLE_CONCURRENCY = YES;
				SWIFT_DEFAULT_ACTOR_ISOLATION = MainActor;
				SWIFT_EMIT_LOC_STRINGS = YES;
				SWIFT_UPCOMING_FEATURE_MEMBER_IMPORT_VISIBILITY = YES;
				SWIFT_VERSION = 5.0;
				TARGETED_DEVICE_FAMILY = "1,2";
			};
			name = Debug;
		};
		2AF251F02FAD366000AF0397 /* Release */ = {
			isa = XCBuildConfiguration;
			buildSettings = {
				ASSETCATALOG_COMPILER_APPICON_NAME = AppIcon;
				ASSETCATALOG_COMPILER_GLOBAL_ACCENT_COLOR_NAME = AccentColor;
				CODE_SIGN_STYLE = Automatic;
				CURRENT_PROJECT_VERSION = 1;
				DEVELOPMENT_TEAM = 5S22W76BBZ;
				ENABLE_PREVIEWS = YES;
				GENERATE_INFOPLIST_FILE = YES;
				INFOPLIST_KEY_UIApplicationSceneManifest_Generation = YES;
				INFOPLIST_KEY_UIApplicationSupportsIndirectInputEvents = YES;
				INFOPLIST_KEY_UILaunchScreen_Generation = YES;
				INFOPLIST_KEY_UISupportedInterfaceOrientations_iPad = "UIInterfaceOrientationPortrait UIInterfaceOrientationPortraitUpsideDown UIInterfaceOrientationLandscapeLeft UIInterfaceOrientationLandscapeRight";
				INFOPLIST_KEY_UISupportedInterfaceOrientations_iPhone = "UIInterfaceOrientationPortrait UIInterfaceOrientationLandscapeLeft UIInterfaceOrientationLandscapeRight";
				LD_RUNPATH_SEARCH_PATHS = (
					"$(inherited)",
					"@executable_path/Frameworks",
				);
				MARKETING_VERSION = 1.0;
				PRODUCT_BUNDLE_IDENTIFIER = com.kevinhomorales.UserManagerSwiftUI;
				PRODUCT_NAME = "$(TARGET_NAME)";
				STRING_CATALOG_GENERATE_SYMBOLS = YES;
				SWIFT_APPROACHABLE_CONCURRENCY = YES;
				SWIFT_DEFAULT_ACTOR_ISOLATION = MainActor;
				SWIFT_EMIT_LOC_STRINGS = YES;
				SWIFT_UPCOMING_FEATURE_MEMBER_IMPORT_VISIBILITY = YES;
				SWIFT_VERSION = 5.0;
				TARGETED_DEVICE_FAMILY = "1,2";
			};
			name = Release;
		};
		2AF251F22FAD366000AF0397 /* Debug */ = {
			isa = XCBuildConfiguration;
			buildSettings = {
				BUNDLE_LOADER = "$(TEST_HOST)";
				CODE_SIGN_STYLE = Automatic;
				CURRENT_PROJECT_VERSION = 1;
				DEVELOPMENT_TEAM = 5S22W76BBZ;
				GENERATE_INFOPLIST_FILE = YES;
				IPHONEOS_DEPLOYMENT_TARGET = 26.4;
				MARKETING_VERSION = 1.0;
				PRODUCT_BUNDLE_IDENTIFIER = com.kevinhomorales.UserManagerSwiftUITests;
				PRODUCT_NAME = "$(TARGET_NAME)";
				STRING_CATALOG_GENERATE_SYMBOLS = NO;
				SWIFT_APPROACHABLE_CONCURRENCY = YES;
				SWIFT_EMIT_LOC_STRINGS = NO;
				SWIFT_UPCOMING_FEATURE_MEMBER_IMPORT_VISIBILITY = YES;
				SWIFT_VERSION = 5.0;
				TARGETED_DEVICE_FAMILY = "1,2";
				TEST_HOST = "$(BUILT_PRODUCTS_DIR)/UserManagerSwiftUI.app/$(BUNDLE_EXECUTABLE_FOLDER_PATH)/UserManagerSwiftUI";
			};
			name = Debug;
		};
		2AF251F32FAD366000AF0397 /* Release */ = {
			isa = XCBuildConfiguration;
			buildSettings = {
				BUNDLE_LOADER = "$(TEST_HOST)";
				CODE_SIGN_STYLE = Automatic;
				CURRENT_PROJECT_VERSION = 1;
				DEVELOPMENT_TEAM = 5S22W76BBZ;
				GENERATE_INFOPLIST_FILE = YES;
				IPHONEOS_DEPLOYMENT_TARGET = 26.4;
				MARKETING_VERSION = 1.0;
				PRODUCT_BUNDLE_IDENTIFIER = com.kevinhomorales.UserManagerSwiftUITests;
				PRODUCT_NAME = "$(TARGET_NAME)";
				STRING_CATALOG_GENERATE_SYMBOLS = NO;
				SWIFT_APPROACHABLE_CONCURRENCY = YES;
				SWIFT_EMIT_LOC_STRINGS = NO;
				SWIFT_UPCOMING_FEATURE_MEMBER_IMPORT_VISIBILITY = YES;
				SWIFT_VERSION = 5.0;
				TARGETED_DEVICE_FAMILY = "1,2";
				TEST_HOST = "$(BUILT_PRODUCTS_DIR)/UserManagerSwiftUI.app/$(BUNDLE_EXECUTABLE_FOLDER_PATH)/UserManagerSwiftUI";
			};
			name = Release;
		};
		2AF251F52FAD366000AF0397 /* Debug */ = {
			isa = XCBuildConfiguration;
			buildSettings = {
				CODE_SIGN_STYLE = Automatic;
				CURRENT_PROJECT_VERSION = 1;
				DEVELOPMENT_TEAM = 5S22W76BBZ;
				GENERATE_INFOPLIST_FILE = YES;
				MARKETING_VERSION = 1.0;
				PRODUCT_BUNDLE_IDENTIFIER = com.kevinhomorales.UserManagerSwiftUIUITests;
				PRODUCT_NAME = "$(TARGET_NAME)";
				STRING_CATALOG_GENERATE_SYMBOLS = NO;
				SWIFT_APPROACHABLE_CONCURRENCY = YES;
				SWIFT_EMIT_LOC_STRINGS = NO;
				SWIFT_UPCOMING_FEATURE_MEMBER_IMPORT_VISIBILITY = YES;
				SWIFT_VERSION = 5.0;
				TARGETED_DEVICE_FAMILY = "1,2";
				TEST_TARGET_NAME = UserManagerSwiftUI;
			};
			name = Debug;
		};
		2AF251F62FAD366000AF0397 /* Release */ = {
			isa = XCBuildConfiguration;
			buildSettings = {
				CODE_SIGN_STYLE = Automatic;
				CURRENT_PROJECT_VERSION = 1;
				DEVELOPMENT_TEAM = 5S22W76BBZ;
				GENERATE_INFOPLIST_FILE = YES;
				MARKETING_VERSION = 1.0;
				PRODUCT_BUNDLE_IDENTIFIER = com.kevinhomorales.UserManagerSwiftUIUITests;
				PRODUCT_NAME = "$(TARGET_NAME)";
				STRING_CATALOG_GENERATE_SYMBOLS = NO;
				SWIFT_APPROACHABLE_CONCURRENCY = YES;
				SWIFT_EMIT_LOC_STRINGS = NO;
				SWIFT_UPCOMING_FEATURE_MEMBER_IMPORT_VISIBILITY = YES;
				SWIFT_VERSION = 5.0;
				TARGETED_DEVICE_FAMILY = "1,2";
				TEST_TARGET_NAME = UserManagerSwiftUI;
			};
			name = Release;
		};
/* End XCBuildConfiguration section */

/* Begin XCConfigurationList section */
		2AF251C82FAD365E00AF0397 /* Build configuration list for PBXProject "UserManagerSwiftUI" */ = {
			isa = XCConfigurationList;
			buildConfigurations = (
				2AF251EC2FAD366000AF0397 /* Debug */,
				2AF251ED2FAD366000AF0397 /* Release */,
			);
			defaultConfigurationIsVisible = 0;
			defaultConfigurationName = Release;
		};
		2AF251EE2FAD366000AF0397 /* Build configuration list for PBXNativeTarget "UserManagerSwiftUI" */ = {
			isa = XCConfigurationList;
			buildConfigurations = (
				2AF251EF2FAD366000AF0397 /* Debug */,
				2AF251F02FAD366000AF0397 /* Release */,
			);
			defaultConfigurationIsVisible = 0;
			defaultConfigurationName = Release;
		};
		2AF251F12FAD366000AF0397 /* Build configuration list for PBXNativeTarget "UserManagerSwiftUITests" */ = {
			isa = XCConfigurationList;
			buildConfigurations = (
				2AF251F22FAD366000AF0397 /* Debug */,
				2AF251F32FAD366000AF0397 /* Release */,
			);
			defaultConfigurationIsVisible = 0;
			defaultConfigurationName = Release;
		};
		2AF251F42FAD366000AF0397 /* Build configuration list for PBXNativeTarget "UserManagerSwiftUIUITests" */ = {
			isa = XCConfigurationList;
			buildConfigurations = (
				2AF251F52FAD366000AF0397 /* Debug */,
				2AF251F62FAD366000AF0397 /* Release */,
			);
			defaultConfigurationIsVisible = 0;
			defaultConfigurationName = Release;
		};
/* End XCConfigurationList section */

/* Begin XCRemoteSwiftPackageReference section */
		2B0000012FAD400000AF0397 /* XCRemoteSwiftPackageReference "Alamofire" */ = {
			isa = XCRemoteSwiftPackageReference;
			repositoryURL = "https://github.com/Alamofire/Alamofire.git";
			requirement = {
				kind = upToNextMajorVersion;
				minimumVersion = 5.9.0;
			};
		};
		2B0000052FAD400000AF0397 /* XCRemoteSwiftPackageReference "realm-swift" */ = {
			isa = XCRemoteSwiftPackageReference;
			repositoryURL = "https://github.com/realm/realm-swift.git";
			requirement = {
				kind = upToNextMajorVersion;
				minimumVersion = 10.54.0;
			};
		};
/* End XCRemoteSwiftPackageReference section */

/* Begin XCSwiftPackageProductDependency section */
		2B0000022FAD400000AF0397 /* Alamofire */ = {
			isa = XCSwiftPackageProductDependency;
			package = 2B0000012FAD400000AF0397 /* XCRemoteSwiftPackageReference "Alamofire" */;
			productName = Alamofire;
		};
		2B0000062FAD400000AF0397 /* RealmSwift */ = {
			isa = XCSwiftPackageProductDependency;
			package = 2B0000052FAD400000AF0397 /* XCRemoteSwiftPackageReference "realm-swift" */;
			productName = RealmSwift;
		};
/* End XCSwiftPackageProductDependency section */
	};
	rootObject = 2AF251C52FAD365E00AF0397 /* Project object */;
}
